{
  "version": 4,
  "terraform_version": "1.1.8",
  "serial": 2,
  "lineage": "37b172a0-91c3-8a05-d161-4e963b01a9db",
  "outputs": {
    "docker_image_output": {
      "value": "sha256:4bf6f808735846f318bbf86cf42f6393727c46967ffd4814059ea0617cb8ce56",
      "type": "string"
    }
  },
  "resources": [
    {
      "mode": "managed",
      "type": "docker_image",
      "name": "blockchain_image",
      "provider": "provider[\"registry.terraform.io/kreuzwerker/docker\"]",
      "instances": [
        {
          "schema_version": 0,
          "attributes": {
            "build": [],
            "force_remove": null,
            "id": "sha256:4bf6f808735846f318bbf86cf42f6393727c46967ffd4814059ea0617cb8ce56si3mshady/blockchain_app:1",
            "keep_locally": null,
            "latest": "sha256:4bf6f808735846f318bbf86cf42f6393727c46967ffd4814059ea0617cb8ce56",
            "name": "si3mshady/blockchain_app:1",
            "output": null,
            "pull_trigger": null,
            "pull_triggers": null,
            "repo_digest": "si3mshady/blockchain_app@sha256:ced0c0ebb45b4f8dd5e3941ede7c173b1886115adaa7094983fec33c98ea2117"
          },
          "sensitive_attributes": [],
          "private": "bnVsbA=="
        }
      ]
    }
  ]
}
